
Microsoft Visual Studio Solution File, Format Version 12.00
# Visual Studio Version 17
VisualStudioVersion = 17.9.34616.47
MinimumVisualStudioVersion = 10.0.40219.1
Project("{FAE04EC0-301F-11D3-BF4B-00C04F79EFBC}") = "PROG6221POEPart1", "PROG6221POEPart1.csproj", "{67AA7471-DBE5-47A3-B5D5-172ACD4439A7}"
EndProject
Global
	GlobalSection(SolutionConfigurationPlatforms) = preSolution
		Debug|Any CPU = Debug|Any CPU
		Release|Any CPU = Release|Any CPU
	EndGlobalSection
	GlobalSection(ProjectConfigurationPlatforms) = postSolution
		{67AA7471-DBE5-47A3-B5D5-172ACD4439A7}.Debug|Any CPU.ActiveCfg = Debug|Any CPU
		{67AA7471-DBE5-47A3-B5D5-172ACD4439A7}.Debug|Any CPU.Build.0 = Debug|Any CPU
		{67AA7471-DBE5-47A3-B5D5-172ACD4439A7}.Release|Any CPU.ActiveCfg = Release|Any CPU
		{67AA7471-DBE5-47A3-B5D5-172ACD4439A7}.Release|Any CPU.Build.0 = Release|Any CPU
	EndGlobalSection
	GlobalSection(SolutionProperties) = preSolution
		HideSolutionNode = FALSE
	EndGlobalSection
	GlobalSection(ExtensibilityGlobals) = postSolution
		SolutionGuid = {32A0E687-0E04-4861-9C48-A540D2684A8B}
	EndGlobalSection
EndGlobal
